// !$*UTF8*$!
{
	archiveVersion = 1;
	classes = {
	};
	objectVersion = 77;
	objects = {

/* Begin PBXBuildFile section */
		87C34EBC2F2B67D8006D0F2C /* SQLite in Frameworks */ = {isa = PBXBuildFile; productRef = 87PKG0001SQLITE00 /* SQLite */; };
		87C34EBD2F2B67D8006D0F2C /* FirebaseAnalytics in Frameworks */ = {isa = PBXBuildFile; productRef = 87PKG0002FIREAN0 /* FirebaseAnalytics */; };
		87SE0004EMBED000 /* ShareExtension.appex in Embed Foundation Extensions */ = {isa = PBXBuildFile; fileRef = 87SE0001APPEX000 /* ShareExtension.appex */; settings = {ATTRIBUTES = (RemoveHeadersOnCopy, ); }; };
		87SE0005SQLBF000 /* SQLite in Frameworks */ = {isa = PBXBuildFile; productRef = 87SE0010SQLPD000 /* SQLite */; };
		87TS000CSQLBF000 /* SQLite in Frameworks */ = {isa = PBXBuildFile; productRef = 87TS000DSQLPD000 /* SQLite */; };
/* End PBXBuildFile section */

/* Begin PBXContainerItemProxy section */
		87SE000APROXY000 /* PBXContainerItemProxy */ = {
			isa = PBXContainerItemProxy;
			containerPortal = 879DCD7F2F26625400394B67 /* Project object */;
			proxyType = 1;
			remoteGlobalIDString = 87SE0009TARGET00;
			remoteInfo = ShareExtension;
		};
		87TS0004PROXY000 /* PBXContainerItemProxy */ = {
			isa = PBXContainerItemProxy;
			containerPortal = 879DCD7F2F26625400394B67 /* Project object */;
			proxyType = 1;
			remoteGlobalIDString = 879DCD862F26625400394B67;
			remoteInfo = CreativityHub;
		};
/* End PBXContainerItemProxy section */

/* Begin PBXCopyFilesBuildPhase section */
		87SE000CEMBED000 /* Embed Foundation Extensions */ = {
			isa = PBXCopyFilesBuildPhase;
			buildActionMask = 2147483647;
			dstPath = "";
			dstSubfolderSpec = 13;
			files = (
				87SE0004EMBED000 /* ShareExtension.appex in Embed Foundation Extensions */,
			);
			name = "Embed Foundation Extensions";
			runOnlyForDeploymentPostprocessing = 0;
		};
/* End PBXCopyFilesBuildPhase section */

/* Begin PBXFileReference section */
		879DCD872F26625400394B67 /* CreativityHub.app */ = {isa = PBXFileReference; explicitFileType = wrapper.application; includeInIndex = 0; path = CreativityHub.app; sourceTree = BUILT_PRODUCTS_DIR; };
		87SE0001APPEX000 /* ShareExtension.appex */ = {isa = PBXFileReference; explicitFileType = "wrapper.app-extension"; includeInIndex = 0; path = ShareExtension.appex; sourceTree = BUILT_PRODUCTS_DIR; };
		87TS0002XCTEST0 /* CreativityHubTests.xctest */ = {isa = PBXFileReference; explicitFileType = wrapper.cfbundle; includeInIndex = 0; path = CreativityHubTests.xctest; sourceTree = BUILT_PRODUCTS_DIR; };
/* End PBXFileReference section */

/* Begin PBXFileSystemSynchronizedBuildFileExceptionSet section */
		87EXCEPT0001INFO0 /* Exceptions for "CreativityHub" folder in "CreativityHub" target */ = {
			isa = PBXFileSystemSynchronizedBuildFileExceptionSet;
			membershipExceptions = (
				Info.plist,
			);
			target = 879DCD862F26625400394B67 /* CreativityHub */;
		};
		87SE0003EXCEP000 /* Exceptions for "ShareExtension" folder in "ShareExtension" target */ = {
			isa = PBXFileSystemSynchronizedBuildFileExceptionSet;
			membershipExceptions = (
				Info.plist,
			);
			target = 87SE0009TARGET00 /* ShareExtension */;
		};
/* End PBXFileSystemSynchronizedBuildFileExceptionSet section */

/* Begin PBXFileSystemSynchronizedRootGroup section */
		879DCD892F26625400394B67 /* CreativityHub */ = {
			isa = PBXFileSystemSynchronizedRootGroup;
			exceptions = (
				87EXCEPT0001INFO0 /* Exceptions for "CreativityHub" folder in "CreativityHub" target */,
			);
			path = CreativityHub;
			sourceTree = "<group>";
		};
		87BL000012345678 /* BusinessLogic */ = {
			isa = PBXFileSystemSynchronizedRootGroup;
			path = BusinessLogic;
			sourceTree = "<group>";
		};
		87SE0002GROUP000 /* ShareExtension */ = {
			isa = PBXFileSystemSynchronizedRootGroup;
			exceptions = (
				87SE0003EXCEP000 /* Exceptions for "ShareExtension" folder in "ShareExtension" target */,
			);
			path = ShareExtension;
			sourceTree = "<group>";
		};
		87TS0003GROUP000 /* CreativityHubTests */ = {
			isa = PBXFileSystemSynchronizedRootGroup;
			path = CreativityHubTests;
			sourceTree = "<group>";
		};
/* End PBXFileSystemSynchronizedRootGroup section */

/* Begin PBXFrameworksBuildPhase section */
		879DCD842F26625400394B67 /* Frameworks */ = {
			isa = PBXFrameworksBuildPhase;
			buildActionMask = 2147483647;
			files = (
				87C34EBD2F2B67D8006D0F2C /* FirebaseAnalytics in Frameworks */,
				87C34EBC2F2B67D8006D0F2C /* SQLite in Frameworks */,
			);
			runOnlyForDeploymentPostprocessing = 0;
		};
		87SE0007FWKBP000 /* Frameworks */ = {
			isa = PBXFrameworksBuildPhase;
			buildActionMask = 2147483647;
			files = (
				87SE0005SQLBF000 /* SQLite in Frameworks */,
			);
			runOnlyForDeploymentPostprocessing = 0;
		};
		87TS0007FWKBP000 /* Frameworks */ = {
			isa = PBXFrameworksBuildPhase;
			buildActionMask = 2147483647;
			files = (
				87TS000CSQLBF000 /* SQLite in Frameworks */,
			);
			runOnlyForDeploymentPostprocessing = 0;
		};
/* End PBXFrameworksBuildPhase section */

/* Begin PBXGroup section */
		879DCD7E2F26625400394B67 = {
			isa = PBXGroup;
			children = (
				879DCD892F26625400394B67 /* CreativityHub */,
				87BL000012345678 /* BusinessLogic */,
				87SE0002GROUP000 /* ShareExtension */,
				87TS0003GROUP000 /* CreativityHubTests */,
				879DCD882F26625400394B67 /* Products */,
			);
			sourceTree = "<group>";
		};
		879DCD882F26625400394B67 /* Products */ = {
			isa = PBXGroup;
			children = (
				879DCD872F26625400394B67 /* CreativityHub.app */,
				87SE0001APPEX000 /* ShareExtension.appex */,
				87TS0002XCTEST0 /* CreativityHubTests.xctest */,
			);
			name = Products;
			sourceTree = "<group>";
		};
/* End PBXGroup section */

/* Begin PBXNativeTarget section */
		879DCD862F26625400394B67 /* CreativityHub */ = {
			isa = PBXNativeTarget;
			buildConfigurationList = 879DCD922F26625500394B67 /* Build configuration list for PBXNativeTarget "CreativityHub" */;
			buildPhases = (
				879DCD832F26625400394B67 /* Sources */,
				879DCD842F26625400394B67 /* Frameworks */,
				879DCD852F26625400394B67 /* Resources */,
				87SE000CEMBED000 /* Embed Foundation Extensions */,
			);
			buildRules = (
			);
			dependencies = (
				87SE000BDEPND000 /* PBXTargetDependency */,
			);
			fileSystemSynchronizedGroups = (
				879DCD892F26625400394B67 /* CreativityHub */,
				87BL000012345678 /* BusinessLogic */,
			);
			name = CreativityHub;
			packageProductDependencies = (
				87PKG0001SQLITE00 /* SQLite */,
				87PKG0002FIREAN0 /* FirebaseAnalytics */,
			);
			productName = CreativityHub;
			productReference = 879DCD872F26625400394B67 /* CreativityHub.app */;
			productType = "com.apple.product-type.application";
		};
		87SE0009TARGET00 /* ShareExtension */ = {
			isa = PBXNativeTarget;
			buildConfigurationList = 87SE000FCFGLS000 /* Build configuration list for PBXNativeTarget "ShareExtension" */;
			buildPhases = (
				87SE0006SRCBP000 /* Sources */,
				87SE0007FWKBP000 /* Frameworks */,
				87SE0008RESBP000 /* Resources */,
			);
			buildRules = (
			);
			dependencies = (
			);
			fileSystemSynchronizedGroups = (
				87BL000012345678 /* BusinessLogic */,
				87SE0002GROUP000 /* ShareExtension */,
			);
			name = ShareExtension;
			packageProductDependencies = (
				87SE0010SQLPD000 /* SQLite */,
			);
			productName = ShareExtension;
			productReference = 87SE0001APPEX000 /* ShareExtension.appex */;
			productType = "com.apple.product-type.app-extension";
		};
		87TS0001TARGET00 /* CreativityHubTests */ = {
			isa = PBXNativeTarget;
			buildConfigurationList = 87TS000BCFGLS000 /* Build configuration list for PBXNativeTarget "CreativityHubTests" */;
			buildPhases = (
				87TS0006SRCBP000 /* Sources */,
				87TS0007FWKBP000 /* Frameworks */,
				87TS0008RESBP000 /* Resources */,
			);
			buildRules = (
			);
			dependencies = (
				87TS0005DEPND000 /* PBXTargetDependency */,
			);
			fileSystemSynchronizedGroups = (
				87TS0003GROUP000 /* CreativityHubTests */,
			);
			name = CreativityHubTests;
			packageProductDependencies = (
				87TS000DSQLPD000 /* SQLite */,
			);
			productName = CreativityHubTests;
			productReference = 87TS0002XCTEST0 /* CreativityHubTests.xctest */;
			productType = "com.apple.product-type.bundle.unit-test";
		};
/* End PBXNativeTarget section */

/* Begin PBXProject section */
		879DCD7F2F26625400394B67 /* Project object */ = {
			isa = PBXProject;
			attributes = {
				BuildIndependentTargetsInParallel = 1;
				LastSwiftUpdateCheck = 2620;
				LastUpgradeCheck = 2620;
				TargetAttributes = {
					879DCD862F26625400394B67 = {
						CreatedOnToolsVersion = 26.2;
					};
					87SE0009TARGET00 = {
						CreatedOnToolsVersion = 26.2;
					};
					87TS0001TARGET00 = {
						CreatedOnToolsVersion = 26.2;
						TestTargetID = 879DCD862F26625400394B67;
					};
				};
			};
			buildConfigurationList = 879DCD822F26625400394B67 /* Build configuration list for PBXProject "CreativityHub" */;
			developmentRegion = en;
			hasScannedForEncodings = 0;
			knownRegions = (
				en,
				Base,
				kk,
				ru,
			);
			mainGroup = 879DCD7E2F26625400394B67;
			minimizedProjectReferenceProxies = 1;
			packageReferences = (
				87PKG0000SQLITE00 /* XCRemoteSwiftPackageReference "SQLite" */,
				87PKG0000FIREBS00 /* XCRemoteSwiftPackageReference "firebase-ios-sdk" */,
			);
			preferredProjectObjectVersion = 77;
			productRefGroup = 879DCD882F26625400394B67 /* Products */;
			projectDirPath = "";
			projectRoot = "";
			targets = (
				879DCD862F26625400394B67 /* CreativityHub */,
				87SE0009TARGET00 /* ShareExtension */,
				87TS0001TARGET00 /* CreativityHubTests */,
			);
		};
/* End PBXProject section */

/* Begin PBXResourcesBuildPhase section */
		879DCD852F26625400394B67 /* Resources */ = {
			isa = PBXResourcesBuildPhase;
			buildActionMask = 2147483647;
			files = (
			);
			runOnlyForDeploymentPostprocessing = 0;
		};
		87SE0008RESBP000 /* Resources */ = {
			isa = PBXResourcesBuildPhase;
			buildActionMask = 2147483647;
			files = (
			);
			runOnlyForDeploymentPostprocessing = 0;
		};
		87TS0008RESBP000 /* Resources */ = {
			isa = PBXResourcesBuildPhase;
			buildActionMask = 2147483647;
			files = (
			);
			runOnlyForDeploymentPostprocessing = 0;
		};
/* End PBXResourcesBuildPhase section */

/* Begin PBXSourcesBuildPhase section */
		879DCD832F26625400394B67 /* Sources */ = {
			isa = PBXSourcesBuildPhase;
			buildActionMask = 2147483647;
			files = (
			);
			runOnlyForDeploymentPostprocessing = 0;
		};
		87SE0006SRCBP000 /* Sources */ = {
			isa = PBXSourcesBuildPhase;
			buildActionMask = 2147483647;
			files = (
			);
			runOnlyForDeploymentPostprocessing = 0;
		};
		87TS0006SRCBP000 /* Sources */ = {
			isa = PBXSourcesBuildPhase;
			buildActionMask = 2147483647;
			files = (
			);
			runOnlyForDeploymentPostprocessing = 0;
		};
/* End PBXSourcesBuildPhase section */

/* Begin PBXTargetDependency section */
		87SE000BDEPND000 /* PBXTargetDependency */ = {
			isa = PBXTargetDependency;
			target = 87SE0009TARGET00 /* ShareExtension */;
			targetProxy = 87SE000APROXY000 /* PBXContainerItemProxy */;
		};
		87TS0005DEPND000 /* PBXTargetDependency */ = {
			isa = PBXTargetDependency;
			target = 879DCD862F26625400394B67 /* CreativityHub */;
			targetProxy = 87TS0004PROXY000 /* PBXContainerItemProxy */;
		};
/* End PBXTargetDependency section */

/* Begin XCBuildConfiguration section */
		879DCD902F26625500394B67 /* Debug */ = {
			isa = XCBuildConfiguration;
			buildSettings = {
				ALWAYS_SEARCH_USER_PATHS = NO;
				ASSETCATALOG_COMPILER_GENERATE_SWIFT_ASSET_SYMBOL_EXTENSIONS = YES;
				CLANG_ANALYZER_NONNULL = YES;
				CLANG_ANALYZER_NUMBER_OBJECT_CONVERSION = YES_AGGRESSIVE;
				CLANG_CXX_LANGUAGE_STANDARD = "gnu++20";
				CLANG_ENABLE_MODULES = YES;
				CLANG_ENABLE_OBJC_ARC = YES;
				CLANG_ENABLE_OBJC_WEAK = YES;
				CLANG_WARN_BLOCK_CAPTURE_AUTORELEASING = YES;
				CLANG_WARN_BOOL_CONVERSION = YES;
				CLANG_WARN_COMMA = YES;
				CLANG_WARN_CONSTANT_CONVERSION = YES;
				CLANG_WARN_DEPRECATED_OBJC_IMPLEMENTATIONS = YES;
				CLANG_WARN_DIRECT_OBJC_ISA_USAGE = YES_ERROR;
				CLANG_WARN_DOCUMENTATION_COMMENTS = YES;
				CLANG_WARN_EMPTY_BODY = YES;
				CLANG_WARN_ENUM_CONVERSION = YES;
				CLANG_WARN_INFINITE_RECURSION = YES;
				CLANG_WARN_INT_CONVERSION = YES;
				CLANG_WARN_NON_LITERAL_NULL_CONVERSION = YES;
				CLANG_WARN_OBJC_IMPLICIT_RETAIN_SELF = YES;
				CLANG_WARN_OBJC_LITERAL_CONVERSION = YES;
				CLANG_WARN_OBJC_ROOT_CLASS = YES_ERROR;
				CLANG_WARN_QUOTED_INCLUDE_IN_FRAMEWORK_HEADER = YES;
				CLANG_WARN_RANGE_LOOP_ANALYSIS = YES;
				CLANG_WARN_STRICT_PROTOTYPES = YES;
				CLANG_WARN_SUSPICIOUS_MOVE = YES;
				CLANG_WARN_UNGUARDED_AVAILABILITY = YES_AGGRESSIVE;
				CLANG_WARN_UNREACHABLE_CODE = YES;
				CLANG_WARN__DUPLICATE_METHOD_MATCH = YES;
				COPY_PHASE_STRIP = NO;
				DEBUG_INFORMATION_FORMAT = dwarf;
				DEVELOPMENT_TEAM = EKKL63HDHJ;
				ENABLE_STRICT_OBJC_MSGSEND = YES;
				ENABLE_TESTABILITY = YES;
				ENABLE_USER_SCRIPT_SANDBOXING = YES;
				GCC_C_LANGUAGE_STANDARD = gnu17;
				GCC_DYNAMIC_NO_PIC = NO;
				GCC_NO_COMMON_BLOCKS = YES;
				GCC_OPTIMIZATION_LEVEL = 0;
				GCC_PREPROCESSOR_DEFINITIONS = (
					"DEBUG=1",
					"$(inherited)",
				);
				GCC_WARN_64_TO_32_BIT_CONVERSION = YES;
				GCC_WARN_ABOUT_RETURN_TYPE = YES_ERROR;
				GCC_WARN_UNDECLARED_SELECTOR = YES;
				GCC_WARN_UNINITIALIZED_AUTOS = YES_AGGRESSIVE;
				GCC_WARN_UNUSED_FUNCTION = YES;
				GCC_WARN_UNUSED_VARIABLE = YES;
				IPHONEOS_DEPLOYMENT_TARGET = 18.0;
				LOCALIZATION_PREFERS_STRING_CATALOGS = YES;
				MTL_ENABLE_DEBUG_INFO = INCLUDE_SOURCE;
				MTL_FAST_MATH = YES;
				ONLY_ACTIVE_ARCH = YES;
				SDKROOT = iphoneos;
				SWIFT_ACTIVE_COMPILATION_CONDITIONS = "DEBUG $(inherited)";
				SWIFT_OPTIMIZATION_LEVEL = "-Onone";
			};
			name = Debug;
		};
		879DCD912F26625500394B67 /* Release */ = {
			isa = XCBuildConfiguration;
			buildSettings = {
				ALWAYS_SEARCH_USER_PATHS = NO;
				ASSETCATALOG_COMPILER_GENERATE_SWIFT_ASSET_SYMBOL_EXTENSIONS = YES;
				CLANG_ANALYZER_NONNULL = YES;
				CLANG_ANALYZER_NUMBER_OBJECT_CONVERSION = YES_AGGRESSIVE;
				CLANG_CXX_LANGUAGE_STANDARD = "gnu++20";
				CLANG_ENABLE_MODULES = YES;
				CLANG_ENABLE_OBJC_ARC = YES;
				CLANG_ENABLE_OBJC_WEAK = YES;
				CLANG_WARN_BLOCK_CAPTURE_AUTORELEASING = YES;
				CLANG_WARN_BOOL_CONVERSION = YES;
				CLANG_WARN_COMMA = YES;
				CLANG_WARN_CONSTANT_CONVERSION = YES;
				CLANG_WARN_DEPRECATED_OBJC_IMPLEMENTATIONS = YES;
				CLANG_WARN_DIRECT_OBJC_ISA_USAGE = YES_ERROR;
				CLANG_WARN_DOCUMENTATION_COMMENTS = YES;
				CLANG_WARN_EMPTY_BODY = YES;
				CLANG_WARN_ENUM_CONVERSION = YES;
				CLANG_WARN_INFINITE_RECURSION = YES;
				CLANG_WARN_INT_CONVERSION = YES;
				CLANG_WARN_NON_LITERAL_NULL_CONVERSION = YES;
				CLANG_WARN_OBJC_IMPLICIT_RETAIN_SELF = YES;
				CLANG_WARN_OBJC_LITERAL_CONVERSION = YES;
				CLANG_WARN_OBJC_ROOT_CLASS = YES_ERROR;
				CLANG_WARN_QUOTED_INCLUDE_IN_FRAMEWORK_HEADER = YES;
				CLANG_WARN_RANGE_LOOP_ANALYSIS = YES;
				CLANG_WARN_STRICT_PROTOTYPES = YES;
				CLANG_WARN_SUSPICIOUS_MOVE = YES;
				CLANG_WARN_UNGUARDED_AVAILABILITY = YES_AGGRESSIVE;
				CLANG_WARN_UNREACHABLE_CODE = YES;
				CLANG_WARN__DUPLICATE_METHOD_MATCH = YES;
				COPY_PHASE_STRIP = NO;
				DEBUG_INFORMATION_FORMAT = "dwarf-with-dsym";
				DEVELOPMENT_TEAM = EKKL63HDHJ;
				ENABLE_NS_ASSERTIONS = NO;
				ENABLE_STRICT_OBJC_MSGSEND = YES;
				ENABLE_USER_SCRIPT_SANDBOXING = YES;
				GCC_C_LANGUAGE_STANDARD = gnu17;
				GCC_NO_COMMON_BLOCKS = YES;
				GCC_WARN_64_TO_32_BIT_CONVERSION = YES;
				GCC_WARN_ABOUT_RETURN_TYPE = YES_ERROR;
				GCC_WARN_UNDECLARED_SELECTOR = YES;
				GCC_WARN_UNINITIALIZED_AUTOS = YES_AGGRESSIVE;
				GCC_WARN_UNUSED_FUNCTION = YES;
				GCC_WARN_UNUSED_VARIABLE = YES;
				IPHONEOS_DEPLOYMENT_TARGET = 18.0;
				LOCALIZATION_PREFERS_STRING_CATALOGS = YES;
				MTL_ENABLE_DEBUG_INFO = NO;
				MTL_FAST_MATH = YES;
				SDKROOT = iphoneos;
				SWIFT_COMPILATION_MODE = wholemodule;
				VALIDATE_PRODUCT = YES;
			};
			name = Release;
		};
		879DCD932F26625500394B67 /* Debug */ = {
			isa = XCBuildConfiguration;
			buildSettings = {
				APP_GROUP_IDENTIFIER = group.dev.mgorbatyuk.creativityhub.dev;
				APP_STORE_ID = YOUR_APP_STORE_ID;
				ASSETCATALOG_COMPILER_APPICON_NAME = AppIconDev;
				ASSETCATALOG_COMPILER_GLOBAL_ACCENT_COLOR_NAME = AccentColor;
				BUILD_ENVIRONMENT = dev;
				CODE_SIGN_ENTITLEMENTS = CreativityHub/CreativityHubDebug.entitlements;
				CODE_SIGN_STYLE = Automatic;
				CURRENT_PROJECT_VERSION = 1;
				DEVELOPER_NAME = "Maxim Gorbatyuk";
				DEVELOPER_TELEGRAM_LINK = t.me/maximgorbatyuk;
				DEVELOPMENT_TEAM = EKKL63HDHJ;
				ENABLE_PREVIEWS = YES;
				GENERATE_INFOPLIST_FILE = NO;
				GITHUB_REPO_URL = "github.com/maximgorbatyuk/creativity-hub";
				INFOPLIST_FILE = CreativityHub/Info.plist;
				INFOPLIST_KEY_CFBundleDisplayName = "dev|CreativityHub";
				INFOPLIST_KEY_LSApplicationCategoryType = "public.app-category.productivity";
				INFOPLIST_KEY_UIApplicationSceneManifest_Generation = YES;
				INFOPLIST_KEY_UIApplicationSupportsIndirectInputEvents = YES;
				INFOPLIST_KEY_UILaunchScreen_Generation = YES;
				INFOPLIST_KEY_UISupportedInterfaceOrientations = UIInterfaceOrientationPortrait;
				LD_RUNPATH_SEARCH_PATHS = (
					"$(inherited)",
					"@executable_path/Frameworks",
				);
				MARKETING_VERSION = 2026.1.1;
				PRODUCT_BUNDLE_IDENTIFIER = dev.mgorbatyuk.CreativityHub.dev;
				PRODUCT_NAME = "$(TARGET_NAME)";
				STRING_CATALOG_GENERATE_SYMBOLS = YES;
				SUPPORTED_PLATFORMS = "iphoneos iphonesimulator";
				SUPPORTS_MACCATALYST = NO;
				SWIFT_APPROACHABLE_CONCURRENCY = YES;
				SWIFT_DEFAULT_ACTOR_ISOLATION = MainActor;
				SWIFT_EMIT_LOC_STRINGS = YES;
				SWIFT_UPCOMING_FEATURE_MEMBER_IMPORT_VISIBILITY = YES;
				SWIFT_VERSION = 5.0;
				TARGETED_DEVICE_FAMILY = 1;
			};
			name = Debug;
		};
		879DCD942F26625500394B67 /* Release */ = {
			isa = XCBuildConfiguration;
			buildSettings = {
				APP_GROUP_IDENTIFIER = group.dev.mgorbatyuk.creativityhub;
				APP_STORE_ID = YOUR_APP_STORE_ID;
				ASSETCATALOG_COMPILER_APPICON_NAME = AppIcon;
				ASSETCATALOG_COMPILER_GLOBAL_ACCENT_COLOR_NAME = AccentColor;
				BUILD_ENVIRONMENT = release;
				CODE_SIGN_ENTITLEMENTS = CreativityHub/CreativityHub.entitlements;
				CODE_SIGN_STYLE = Automatic;
				CURRENT_PROJECT_VERSION = 1;
				DEVELOPER_NAME = "Maxim Gorbatyuk";
				DEVELOPER_TELEGRAM_LINK = t.me/maximgorbatyuk;
				DEVELOPMENT_TEAM = EKKL63HDHJ;
				ENABLE_PREVIEWS = YES;
				GENERATE_INFOPLIST_FILE = NO;
				GITHUB_REPO_URL = "github.com/maximgorbatyuk/creativity-hub";
				INFOPLIST_FILE = CreativityHub/Info.plist;
				INFOPLIST_KEY_CFBundleDisplayName = CreativityHub;
				INFOPLIST_KEY_LSApplicationCategoryType = "public.app-category.productivity";
				INFOPLIST_KEY_UIApplicationSceneManifest_Generation = YES;
				INFOPLIST_KEY_UIApplicationSupportsIndirectInputEvents = YES;
				INFOPLIST_KEY_UILaunchScreen_Generation = YES;
				INFOPLIST_KEY_UISupportedInterfaceOrientations = UIInterfaceOrientationPortrait;
				LD_RUNPATH_SEARCH_PATHS = (
					"$(inherited)",
					"@executable_path/Frameworks",
				);
				MARKETING_VERSION = 2026.1.1;
				PRODUCT_BUNDLE_IDENTIFIER = dev.mgorbatyuk.CreativityHub;
				PRODUCT_NAME = "$(TARGET_NAME)";
				STRING_CATALOG_GENERATE_SYMBOLS = YES;
				SUPPORTED_PLATFORMS = "iphoneos iphonesimulator";
				SUPPORTS_MACCATALYST = NO;
				SWIFT_APPROACHABLE_CONCURRENCY = YES;
				SWIFT_DEFAULT_ACTOR_ISOLATION = MainActor;
				SWIFT_EMIT_LOC_STRINGS = YES;
				SWIFT_UPCOMING_FEATURE_MEMBER_IMPORT_VISIBILITY = YES;
				SWIFT_VERSION = 5.0;
				TARGETED_DEVICE_FAMILY = 1;
			};
			name = Release;
		};
		87SE000DDBGCF000 /* Debug */ = {
			isa = XCBuildConfiguration;
			baseConfigurationReferenceAnchor = 879DCD892F26625400394B67 /* CreativityHub */;
			baseConfigurationReferenceRelativePath = Config/Debug.xcconfig;
			buildSettings = {
				CODE_SIGN_ENTITLEMENTS = ShareExtension/ShareExtensionDebug.entitlements;
				CODE_SIGN_STYLE = Automatic;
				CURRENT_PROJECT_VERSION = 1;
				DEVELOPMENT_TEAM = EKKL63HDHJ;
				GENERATE_INFOPLIST_FILE = YES;
				INFOPLIST_FILE = ShareExtension/Info.plist;
				INFOPLIST_KEY_CFBundleDisplayName = ShareExtension;
				INFOPLIST_KEY_NSHumanReadableCopyright = "";
				IPHONEOS_DEPLOYMENT_TARGET = 18.0;
				LD_RUNPATH_SEARCH_PATHS = (
					"$(inherited)",
					"@executable_path/Frameworks",
					"@executable_path/../../Frameworks",
				);
				MARKETING_VERSION = 2026.1.1;
				PRODUCT_BUNDLE_IDENTIFIER = "$(SHARE_EXTENSION_BUNDLE_ID)";
				PRODUCT_NAME = "$(TARGET_NAME)";
				SKIP_INSTALL = YES;
				STRING_CATALOG_GENERATE_SYMBOLS = YES;
				SWIFT_APPROACHABLE_CONCURRENCY = YES;
				SWIFT_DEFAULT_ACTOR_ISOLATION = MainActor;
				SWIFT_EMIT_LOC_STRINGS = YES;
				SWIFT_UPCOMING_FEATURE_MEMBER_IMPORT_VISIBILITY = YES;
				SWIFT_VERSION = 5.0;
				TARGETED_DEVICE_FAMILY = 1;
			};
			name = Debug;
		};
		87SE000ERELCF000 /* Release */ = {
			isa = XCBuildConfiguration;
			baseConfigurationReferenceAnchor = 879DCD892F26625400394B67 /* CreativityHub */;
			baseConfigurationReferenceRelativePath = Config/Release.xcconfig;
			buildSettings = {
				CODE_SIGN_ENTITLEMENTS = ShareExtension/ShareExtension.entitlements;
				CODE_SIGN_STYLE = Automatic;
				CURRENT_PROJECT_VERSION = 1;
				DEVELOPMENT_TEAM = EKKL63HDHJ;
				GENERATE_INFOPLIST_FILE = YES;
				INFOPLIST_FILE = ShareExtension/Info.plist;
				INFOPLIST_KEY_CFBundleDisplayName = ShareExtension;
				INFOPLIST_KEY_NSHumanReadableCopyright = "";
				IPHONEOS_DEPLOYMENT_TARGET = 18.0;
				LD_RUNPATH_SEARCH_PATHS = (
					"$(inherited)",
					"@executable_path/Frameworks",
					"@executable_path/../../Frameworks",
				);
				MARKETING_VERSION = 2026.1.1;
				PRODUCT_BUNDLE_IDENTIFIER = "$(SHARE_EXTENSION_BUNDLE_ID)";
				PRODUCT_NAME = "$(TARGET_NAME)";
				SKIP_INSTALL = YES;
				STRING_CATALOG_GENERATE_SYMBOLS = YES;
				SWIFT_APPROACHABLE_CONCURRENCY = YES;
				SWIFT_DEFAULT_ACTOR_ISOLATION = MainActor;
				SWIFT_EMIT_LOC_STRINGS = YES;
				SWIFT_UPCOMING_FEATURE_MEMBER_IMPORT_VISIBILITY = YES;
				SWIFT_VERSION = 5.0;
				TARGETED_DEVICE_FAMILY = 1;
			};
			name = Release;
		};
		87TS0009DBGCF000 /* Debug */ = {
			isa = XCBuildConfiguration;
			baseConfigurationReferenceAnchor = 879DCD892F26625400394B67 /* CreativityHub */;
			baseConfigurationReferenceRelativePath = Config/Debug.xcconfig;
			buildSettings = {
				BUNDLE_LOADER = "$(TEST_HOST)";
				CODE_SIGN_STYLE = Automatic;
				CURRENT_PROJECT_VERSION = 1;
				DEVELOPMENT_TEAM = EKKL63HDHJ;
				GENERATE_INFOPLIST_FILE = YES;
				IPHONEOS_DEPLOYMENT_TARGET = 18.0;
				MARKETING_VERSION = 1.0;
				PRODUCT_BUNDLE_IDENTIFIER = dev.mgorbatyuk.CreativityHubTests;
				PRODUCT_NAME = "$(TARGET_NAME)";
				SWIFT_APPROACHABLE_CONCURRENCY = YES;
				SWIFT_DEFAULT_ACTOR_ISOLATION = MainActor;
				SWIFT_EMIT_LOC_STRINGS = NO;
				SWIFT_UPCOMING_FEATURE_MEMBER_IMPORT_VISIBILITY = YES;
				SWIFT_VERSION = 5.0;
				TARGETED_DEVICE_FAMILY = "1,2";
				TEST_HOST = "$(BUILT_PRODUCTS_DIR)/CreativityHub.app/$(BUNDLE_EXECUTABLE_FOLDER_PATH)/CreativityHub";
			};
			name = Debug;
		};
		87TS000ARELCF000 /* Release */ = {
			isa = XCBuildConfiguration;
			baseConfigurationReferenceAnchor = 879DCD892F26625400394B67 /* CreativityHub */;
			baseConfigurationReferenceRelativePath = Config/Release.xcconfig;
			buildSettings = {
				BUNDLE_LOADER = "$(TEST_HOST)";
				CODE_SIGN_STYLE = Automatic;
				CURRENT_PROJECT_VERSION = 1;
				DEVELOPMENT_TEAM = EKKL63HDHJ;
				GENERATE_INFOPLIST_FILE = YES;
				IPHONEOS_DEPLOYMENT_TARGET = 18.0;
				MARKETING_VERSION = 1.0;
				PRODUCT_BUNDLE_IDENTIFIER = dev.mgorbatyuk.CreativityHubTests;
				PRODUCT_NAME = "$(TARGET_NAME)";
				SWIFT_APPROACHABLE_CONCURRENCY = YES;
				SWIFT_DEFAULT_ACTOR_ISOLATION = MainActor;
				SWIFT_EMIT_LOC_STRINGS = NO;
				SWIFT_UPCOMING_FEATURE_MEMBER_IMPORT_VISIBILITY = YES;
				SWIFT_VERSION = 5.0;
				TARGETED_DEVICE_FAMILY = "1,2";
				TEST_HOST = "$(BUILT_PRODUCTS_DIR)/CreativityHub.app/$(BUNDLE_EXECUTABLE_FOLDER_PATH)/CreativityHub";
			};
			name = Release;
		};
/* End XCBuildConfiguration section */

/* Begin XCConfigurationList section */
		879DCD822F26625400394B67 /* Build configuration list for PBXProject "CreativityHub" */ = {
			isa = XCConfigurationList;
			buildConfigurations = (
				879DCD902F26625500394B67 /* Debug */,
				879DCD912F26625500394B67 /* Release */,
			);
			defaultConfigurationIsVisible = 0;
			defaultConfigurationName = Release;
		};
		879DCD922F26625500394B67 /* Build configuration list for PBXNativeTarget "CreativityHub" */ = {
			isa = XCConfigurationList;
			buildConfigurations = (
				879DCD932F26625500394B67 /* Debug */,
				879DCD942F26625500394B67 /* Release */,
			);
			defaultConfigurationIsVisible = 0;
			defaultConfigurationName = Release;
		};
		87SE000FCFGLS000 /* Build configuration list for PBXNativeTarget "ShareExtension" */ = {
			isa = XCConfigurationList;
			buildConfigurations = (
				87SE000DDBGCF000 /* Debug */,
				87SE000ERELCF000 /* Release */,
			);
			defaultConfigurationIsVisible = 0;
			defaultConfigurationName = Release;
		};
		87TS000BCFGLS000 /* Build configuration list for PBXNativeTarget "CreativityHubTests" */ = {
			isa = XCConfigurationList;
			buildConfigurations = (
				87TS0009DBGCF000 /* Debug */,
				87TS000ARELCF000 /* Release */,
			);
			defaultConfigurationIsVisible = 0;
			defaultConfigurationName = Release;
		};
/* End XCConfigurationList section */

/* Begin XCRemoteSwiftPackageReference section */
		87PKG0000FIREBS00 /* XCRemoteSwiftPackageReference "firebase-ios-sdk" */ = {
			isa = XCRemoteSwiftPackageReference;
			repositoryURL = "https://github.com/firebase/firebase-ios-sdk";
			requirement = {
				kind = upToNextMajorVersion;
				minimumVersion = 11.0.0;
			};
		};
		87PKG0000SQLITE00 /* XCRemoteSwiftPackageReference "SQLite" */ = {
			isa = XCRemoteSwiftPackageReference;
			repositoryURL = "https://github.com/stephencelis/SQLite.swift";
			requirement = {
				kind = upToNextMajorVersion;
				minimumVersion = 0.15.0;
			};
		};
/* End XCRemoteSwiftPackageReference section */

/* Begin XCSwiftPackageProductDependency section */
		87PKG0001SQLITE00 /* SQLite */ = {
			isa = XCSwiftPackageProductDependency;
			package = 87PKG0000SQLITE00 /* XCRemoteSwiftPackageReference "SQLite" */;
			productName = SQLite;
		};
		87PKG0002FIREAN0 /* FirebaseAnalytics */ = {
			isa = XCSwiftPackageProductDependency;
			package = 87PKG0000FIREBS00 /* XCRemoteSwiftPackageReference "firebase-ios-sdk" */;
			productName = FirebaseAnalytics;
		};
		87SE0010SQLPD000 /* SQLite */ = {
			isa = XCSwiftPackageProductDependency;
			package = 87PKG0000SQLITE00 /* XCRemoteSwiftPackageReference "SQLite" */;
			productName = SQLite;
		};
		87TS000DSQLPD000 /* SQLite */ = {
			isa = XCSwiftPackageProductDependency;
			package = 87PKG0000SQLITE00 /* XCRemoteSwiftPackageReference "SQLite" */;
			productName = SQLite;
		};
/* End XCSwiftPackageProductDependency section */
	};
	rootObject = 879DCD7F2F26625400394B67 /* Project object */;
}
